
Microsoft Visual Studio Solution File, Format Version 12.00
# Visual Studio Version 17
VisualStudioVersion = 17.11.35327.3
MinimumVisualStudioVersion = 10.0.40219.1
Project("{FAE04EC0-301F-11D3-BF4B-00C04F79EFBC}") = "ConsoleApp3", "ConsoleApp3.csproj", "{C6FA4B37-3421-45DB-8F00-85060827D888}"
EndProject
Global
	GlobalSection(SolutionConfigurationPlatforms) = preSolution
		Debug|Any CPU = Debug|Any CPU
		Release|Any CPU = Release|Any CPU
	EndGlobalSection
	GlobalSection(ProjectConfigurationPlatforms) = postSolution
		{C6FA4B37-3421-45DB-8F00-85060827D888}.Debug|Any CPU.ActiveCfg = Debug|Any CPU
		{C6FA4B37-3421-45DB-8F00-85060827D888}.Debug|Any CPU.Build.0 = Debug|Any CPU
		{C6FA4B37-3421-45DB-8F00-85060827D888}.Release|Any CPU.ActiveCfg = Release|Any CPU
		{C6FA4B37-3421-45DB-8F00-85060827D888}.Release|Any CPU.Build.0 = Release|Any CPU
	EndGlobalSection
	GlobalSection(SolutionProperties) = preSolution
		HideSolutionNode = FALSE
	EndGlobalSection
	GlobalSection(ExtensibilityGlobals) = postSolution
		SolutionGuid = {EBDD4AA8-65FA-4103-B2BE-B6B56A93F29E}
	EndGlobalSection
EndGlobal
